// !$*UTF8*$!
{
	archiveVersion = 1;
	classes = {
	};
	objectVersion = 46;
	objects = {

/* Begin PBXBuildFile section */
		043FD4B61DD7A96500D7979D /* AppDelegate.swift in Sources */ = {isa = PBXBuildFile; fileRef = 043FD4B51DD7A96500D7979D /* AppDelegate.swift */; };
		043FD4B81DD7A96500D7979D /* ViewController.swift in Sources */ = {isa = PBXBuildFile; fileRef = 043FD4B71DD7A96500D7979D /* ViewController.swift */; };
		043FD4BB1DD7A96500D7979D /* Main.storyboard in Resources */ = {isa = PBXBuildFile; fileRef = 043FD4B91DD7A96500D7979D /* Main.storyboard */; };
		043FD4BD1DD7A96500D7979D /* Assets.xcassets in Resources */ = {isa = PBXBuildFile; fileRef = 043FD4BC1DD7A96500D7979D /* Assets.xcassets */; };
		043FD4C01DD7A96500D7979D /* LaunchScreen.storyboard in Resources */ = {isa = PBXBuildFile; fileRef = 043FD4BE1DD7A96500D7979D /* LaunchScreen.storyboard */; };
		043FD4CB1DD7A96500D7979D /* MidwayTests.swift in Sources */ = {isa = PBXBuildFile; fileRef = 043FD4CA1DD7A96500D7979D /* MidwayTests.swift */; };
		043FD4D61DD7A96500D7979D /* MidwayUITests.swift in Sources */ = {isa = PBXBuildFile; fileRef = 043FD4D51DD7A96500D7979D /* MidwayUITests.swift */; };
/* End PBXBuildFile section */

/* Begin PBXContainerItemProxy section */
		043FD4C71DD7A96500D7979D /* PBXContainerItemProxy */ = {
			isa = PBXContainerItemProxy;
			containerPortal = 043FD4AA1DD7A96500D7979D /* Project object */;
			proxyType = 1;
			remoteGlobalIDString = 043FD4B11DD7A96500D7979D;
			remoteInfo = Midway;
		};
		043FD4D21DD7A96500D7979D /* PBXContainerItemProxy */ = {
			isa = PBXContainerItemProxy;
			containerPortal = 043FD4AA1DD7A96500D7979D /* Project object */;
			proxyType = 1;
			remoteGlobalIDString = 043FD4B11DD7A96500D7979D;
			remoteInfo = Midway;
		};
/* End PBXContainerItemProxy section */

/* Begin PBXFileReference section */
		043FD4B21DD7A96500D7979D /* Midway.app */ = {isa = PBXFileReference; explicitFileType = wrapper.application; includeInIndex = 0; path = Midway.app; sourceTree = BUILT_PRODUCTS_DIR; };
		043FD4B51DD7A96500D7979D /* AppDelegate.swift */ = {isa = PBXFileReference; lastKnownFileType = sourcecode.swift; path = AppDelegate.swift; sourceTree = "<group>"; };
		043FD4B71DD7A96500D7979D /* ViewController.swift */ = {isa = PBXFileReference; lastKnownFileType = sourcecode.swift; path = ViewController.swift; sourceTree = "<group>"; };
		043FD4BA1DD7A96500D7979D /* Base */ = {isa = PBXFileReference; lastKnownFileType = file.storyboard; name = Base; path = Base.lproj/Main.storyboard; sourceTree = "<group>"; };
		043FD4BC1DD7A96500D7979D /* Assets.xcassets */ = {isa = PBXFileReference; lastKnownFileType = folder.assetcatalog; path = Assets.xcassets; sourceTree = "<group>"; };
		043FD4BF1DD7A96500D7979D /* Base */ = {isa = PBXFileReference; lastKnownFileType = file.storyboard; name = Base; path = Base.lproj/LaunchScreen.storyboard; sourceTree = "<group>"; };
		043FD4C11DD7A96500D7979D /* Info.plist */ = {isa = PBXFileReference; lastKnownFileType = text.plist.xml; path = Info.plist; sourceTree = "<group>"; };
		043FD4C61DD7A96500D7979D /* MidwayTests.xctest */ = {isa = PBXFileReference; explicitFileType = wrapper.cfbundle; includeInIndex = 0; path = MidwayTests.xctest; sourceTree = BUILT_PRODUCTS_DIR; };
		043FD4CA1DD7A96500D7979D /* MidwayTests.swift */ = {isa = PBXFileReference; lastKnownFileType = sourcecode.swift; path = MidwayTests.swift; sourceTree = "<group>"; };
		043FD4CC1DD7A96500D7979D /* Info.plist */ = {isa = PBXFileReference; lastKnownFileType = text.plist.xml; path = Info.plist; sourceTree = "<group>"; };
		043FD4D11DD7A96500D7979D /* MidwayUITests.xctest */ = {isa = PBXFileReference; explicitFileType = wrapper.cfbundle; includeInIndex = 0; path = MidwayUITests.xctest; sourceTree = BUILT_PRODUCTS_DIR; };
		043FD4D51DD7A96500D7979D /* MidwayUITests.swift */ = {isa = PBXFileReference; lastKnownFileType = sourcecode.swift; path = MidwayUITests.swift; sourceTree = "<group>"; };
		043FD4D71DD7A96500D7979D /* Info.plist */ = {isa = PBXFileReference; lastKnownFileType = text.plist.xml; path = Info.plist; sourceTree = "<group>"; };
/* End PBXFileReference section */

/* Begin PBXFrameworksBuildPhase section */
		043FD4AF1DD7A96500D7979D /* Frameworks */ = {
			isa = PBXFrameworksBuildPhase;
			buildActionMask = 2147483647;
			files = (
			);
			runOnlyForDeploymentPostprocessing = 0;
		};
		043FD4C31DD7A96500D7979D /* Frameworks */ = {
			isa = PBXFrameworksBuildPhase;
			buildActionMask = 2147483647;
			files = (
			);
			runOnlyForDeploymentPostprocessing = 0;
		};
		043FD4CE1DD7A96500D7979D /* Frameworks */ = {
			isa = PBXFrameworksBuildPhase;
			buildActionMask = 2147483647;
			files = (
			);
			runOnlyForDeploymentPostprocessing = 0;
		};
/* End PBXFrameworksBuildPhase section */

/* Begin PBXGroup section */
		043FD4A91DD7A96500D7979D = {
			isa = PBXGroup;
			children = (
				043FD4B41DD7A96500D7979D /* Midway */,
				043FD4C91DD7A96500D7979D /* MidwayTests */,
				043FD4D41DD7A96500D7979D /* MidwayUITests */,
				043FD4B31DD7A96500D7979D /* Products */,
			);
			sourceTree = "<group>";
		};
		043FD4B31DD7A96500D7979D /* Products */ = {
			isa = PBXGroup;
			children = (
				043FD4B21DD7A96500D7979D /* Midway.app */,
				043FD4C61DD7A96500D7979D /* MidwayTests.xctest */,
				043FD4D11DD7A96500D7979D /* MidwayUITests.xctest */,
			);
			name = Products;
			sourceTree = "<group>";
		};
		043FD4B41DD7A96500D7979D /* Midway */ = {
			isa = PBXGroup;
			children = (
				043FD4B51DD7A96500D7979D /* AppDelegate.swift */,
				043FD4B71DD7A96500D7979D /* ViewController.swift */,
				043FD4B91DD7A96500D7979D /* Main.storyboard */,
				043FD4BC1DD7A96500D7979D /* Assets.xcassets */,
				043FD4BE1DD7A96500D7979D /* LaunchScreen.storyboard */,
				043FD4C11DD7A96500D7979D /* Info.plist */,
			);
			path = Midway;
			sourceTree = "<group>";
		};
		043FD4C91DD7A96500D7979D /* MidwayTests */ = {
			isa = PBXGroup;
			children = (
				043FD4CA1DD7A96500D7979D /* MidwayTests.swift */,
				043FD4CC1DD7A96500D7979D /* Info.plist */,
			);
			path = MidwayTests;
			sourceTree = "<group>";
		};
		043FD4D41DD7A96500D7979D /* MidwayUITests */ = {
			isa = PBXGroup;
			children = (
				043FD4D51DD7A96500D7979D /* MidwayUITests.swift */,
				043FD4D71DD7A96500D7979D /* Info.plist */,
			);
			path = MidwayUITests;
			sourceTree = "<group>";
		};
/* End PBXGroup section */

/* Begin PBXNativeTarget section */
		043FD4B11DD7A96500D7979D /* Midway */ = {
			isa = PBXNativeTarget;
			buildConfigurationList = 043FD4DA1DD7A96500D7979D /* Build configuration list for PBXNativeTarget "Midway" */;
			buildPhases = (
				043FD4AE1DD7A96500D7979D /* Sources */,
				043FD4AF1DD7A96500D7979D /* Frameworks */,
				043FD4B01DD7A96500D7979D /* Resources */,
			);
			buildRules = (
			);
			dependencies = (
			);
			name = Midway;
			productName = Midway;
			productReference = 043FD4B21DD7A96500D7979D /* Midway.app */;
			productType = "com.apple.product-type.application";
		};
		043FD4C51DD7A96500D7979D /* MidwayTests */ = {
			isa = PBXNativeTarget;
			buildConfigurationList = 043FD4DD1DD7A96500D7979D /* Build configuration list for PBXNativeTarget "MidwayTests" */;
			buildPhases = (
				043FD4C21DD7A96500D7979D /* Sources */,
				043FD4C31DD7A96500D7979D /* Frameworks */,
				043FD4C41DD7A96500D7979D /* Resources */,
			);
			buildRules = (
			);
			dependencies = (
				043FD4C81DD7A96500D7979D /* PBXTargetDependency */,
			);
			name = MidwayTests;
			productName = MidwayTests;
			productReference = 043FD4C61DD7A96500D7979D /* MidwayTests.xctest */;
			productType = "com.apple.product-type.bundle.unit-test";
		};
		043FD4D01DD7A96500D7979D /* MidwayUITests */ = {
			isa = PBXNativeTarget;
			buildConfigurationList = 043FD4E01DD7A96500D7979D /* Build configuration list for PBXNativeTarget "MidwayUITests" */;
			buildPhases = (
				043FD4CD1DD7A96500D7979D /* Sources */,
				043FD4CE1DD7A96500D7979D /* Frameworks */,
				043FD4CF1DD7A96500D7979D /* Resources */,
			);
			buildRules = (
			);
			dependencies = (
				043FD4D31DD7A96500D7979D /* PBXTargetDependency */,
			);
			name = MidwayUITests;
			productName = MidwayUITests;
			productReference = 043FD4D11DD7A96500D7979D /* MidwayUITests.xctest */;
			productType = "com.apple.product-type.bundle.ui-testing";
		};
/* End PBXNativeTarget section */

/* Begin PBXProject section */
		043FD4AA1DD7A96500D7979D /* Project object */ = {
			isa = PBXProject;
			attributes = {
				LastSwiftUpdateCheck = 0810;
				LastUpgradeCheck = 0810;
				ORGANIZATIONNAME = "Aditya Gunda";
				TargetAttributes = {
					043FD4B11DD7A96500D7979D = {
						CreatedOnToolsVersion = 8.1;
						ProvisioningStyle = Automatic;
					};
					043FD4C51DD7A96500D7979D = {
						CreatedOnToolsVersion = 8.1;
						ProvisioningStyle = Automatic;
						TestTargetID = 043FD4B11DD7A96500D7979D;
					};
					043FD4D01DD7A96500D7979D = {
						CreatedOnToolsVersion = 8.1;
						ProvisioningStyle = Automatic;
						TestTargetID = 043FD4B11DD7A96500D7979D;
					};
				};
			};
			buildConfigurationList = 043FD4AD1DD7A96500D7979D /* Build configuration list for PBXProject "Midway" */;
			compatibilityVersion = "Xcode 3.2";
			developmentRegion = English;
			hasScannedForEncodings = 0;
			knownRegions = (
				en,
				Base,
			);
			mainGroup = 043FD4A91DD7A96500D7979D;
			productRefGroup = 043FD4B31DD7A96500D7979D /* Products */;
			projectDirPath = "";
			projectRoot = "";
			targets = (
				043FD4B11DD7A96500D7979D /* Midway */,
				043FD4C51DD7A96500D7979D /* MidwayTests */,
				043FD4D01DD7A96500D7979D /* MidwayUITests */,
			);
		};
/* End PBXProject section */

/* Begin PBXResourcesBuildPhase section */
		043FD4B01DD7A96500D7979D /* Resources */ = {
			isa = PBXResourcesBuildPhase;
			buildActionMask = 2147483647;
			files = (
				043FD4C01DD7A96500D7979D /* LaunchScreen.storyboard in Resources */,
				043FD4BD1DD7A96500D7979D /* Assets.xcassets in Resources */,
				043FD4BB1DD7A96500D7979D /* Main.storyboard in Resources */,
			);
			runOnlyForDeploymentPostprocessing = 0;
		};
		043FD4C41DD7A96500D7979D /* Resources */ = {
			isa = PBXResourcesBuildPhase;
			buildActionMask = 2147483647;
			files = (
			);
			runOnlyForDeploymentPostprocessing = 0;
		};
		043FD4CF1DD7A96500D7979D /* Resources */ = {
			isa = PBXResourcesBuildPhase;
			buildActionMask = 2147483647;
			files = (
			);
			runOnlyForDeploymentPostprocessing = 0;
		};
/* End PBXResourcesBuildPhase section */

/* Begin PBXSourcesBuildPhase section */
		043FD4AE1DD7A96500D7979D /* Sources */ = {
			isa = PBXSourcesBuildPhase;
			buildActionMask = 2147483647;
			files = (
				043FD4B81DD7A96500D7979D /* ViewController.swift in Sources */,
				043FD4B61DD7A96500D7979D /* AppDelegate.swift in Sources */,
			);
			runOnlyForDeploymentPostprocessing = 0;
		};
		043FD4C21DD7A96500D7979D /* Sources */ = {
			isa = PBXSourcesBuildPhase;
			buildActionMask = 2147483647;
			files = (
				043FD4CB1DD7A96500D7979D /* MidwayTests.swift in Sources */,
			);
			runOnlyForDeploymentPostprocessing = 0;
		};
		043FD4CD1DD7A96500D7979D /* Sources */ = {
			isa = PBXSourcesBuildPhase;
			buildActionMask = 2147483647;
			files = (
				043FD4D61DD7A96500D7979D /* MidwayUITests.swift in Sources */,
			);
			runOnlyForDeploymentPostprocessing = 0;
		};
/* End PBXSourcesBuildPhase section */

/* Begin PBXTargetDependency section */
		043FD4C81DD7A96500D7979D /* PBXTargetDependency */ = {
			isa = PBXTargetDependency;
			target = 043FD4B11DD7A96500D7979D /* Midway */;
			targetProxy = 043FD4C71DD7A96500D7979D /* PBXContainerItemProxy */;
		};
		043FD4D31DD7A96500D7979D /* PBXTargetDependency */ = {
			isa = PBXTargetDependency;
			target = 043FD4B11DD7A96500D7979D /* Midway */;
			targetProxy = 043FD4D21DD7A96500D7979D /* PBXContainerItemProxy */;
		};
/* End PBXTargetDependency section */

/* Begin PBXVariantGroup section */
		043FD4B91DD7A96500D7979D /* Main.storyboard */ = {
			isa = PBXVariantGroup;
			children = (
				043FD4BA1DD7A96500D7979D /* Base */,
			);
			name = Main.storyboard;
			sourceTree = "<group>";
		};
		043FD4BE1DD7A96500D7979D /* LaunchScreen.storyboard */ = {
			isa = PBXVariantGroup;
			children = (
				043FD4BF1DD7A96500D7979D /* Base */,
			);
			name = LaunchScreen.storyboard;
			sourceTree = "<group>";
		};
/* End PBXVariantGroup section */

/* Begin XCBuildConfiguration section */
		043FD4D81DD7A96500D7979D /* Debug */ = {
			isa = XCBuildConfiguration;
			buildSettings = {
				ALWAYS_SEARCH_USER_PATHS = NO;
				CLANG_ANALYZER_NONNULL = YES;
				CLANG_CXX_LANGUAGE_STANDARD = "gnu++0x";
				CLANG_CXX_LIBRARY = "libc++";
				CLANG_ENABLE_MODULES = YES;
				CLANG_ENABLE_OBJC_ARC = YES;
				CLANG_WARN_BOOL_CONVERSION = YES;
				CLANG_WARN_CONSTANT_CONVERSION = YES;
				CLANG_WARN_DIRECT_OBJC_ISA_USAGE = YES_ERROR;
				CLANG_WARN_DOCUMENTATION_COMMENTS = YES;
				CLANG_WARN_EMPTY_BODY = YES;
				CLANG_WARN_ENUM_CONVERSION = YES;
				CLANG_WARN_INFINITE_RECURSION = YES;
				CLANG_WARN_INT_CONVERSION = YES;
				CLANG_WARN_OBJC_ROOT_CLASS = YES_ERROR;
				CLANG_WARN_SUSPICIOUS_MOVES = YES;
				CLANG_WARN_UNREACHABLE_CODE = YES;
				CLANG_WARN__DUPLICATE_METHOD_MATCH = YES;
				"CODE_SIGN_IDENTITY[sdk=iphoneos*]" = "iPhone Developer";
				COPY_PHASE_STRIP = NO;
				DEBUG_INFORMATION_FORMAT = dwarf;
				ENABLE_STRICT_OBJC_MSGSEND = YES;
				ENABLE_TESTABILITY = YES;
				GCC_C_LANGUAGE_STANDARD = gnu99;
				GCC_DYNAMIC_NO_PIC = NO;
				GCC_NO_COMMON_BLOCKS = YES;
				GCC_OPTIMIZATION_LEVEL = 0;
				GCC_PREPROCESSOR_DEFINITIONS = (
					"DEBUG=1",
					"$(inherited)",
				);
				GCC_WARN_64_TO_32_BIT_CONVERSION = YES;
				GCC_WARN_ABOUT_RETURN_TYPE = YES_ERROR;
				GCC_WARN_UNDECLARED_SELECTOR = YES;
				GCC_WARN_UNINITIALIZED_AUTOS = YES_AGGRESSIVE;
				GCC_WARN_UNUSED_FUNCTION = YES;
				GCC_WARN_UNUSED_VARIABLE = YES;
				IPHONEOS_DEPLOYMENT_TARGET = 10.1;
				MTL_ENABLE_DEBUG_INFO = YES;
				ONLY_ACTIVE_ARCH = YES;
				SDKROOT = iphoneos;
				SWIFT_ACTIVE_COMPILATION_CONDITIONS = DEBUG;
				SWIFT_OPTIMIZATION_LEVEL = "-Onone";
				TARGETED_DEVICE_FAMILY = "1,2";
			};
			name = Debug;
		};
		043FD4D91DD7A96500D7979D /* Release */ = {
			isa = XCBuildConfiguration;
			buildSettings = {
				ALWAYS_SEARCH_USER_PATHS = NO;
				CLANG_ANALYZER_NONNULL = YES;
				CLANG_CXX_LANGUAGE_STANDARD = "gnu++0x";
				CLANG_CXX_LIBRARY = "libc++";
				CLANG_ENABLE_MODULES = YES;
				CLANG_ENABLE_OBJC_ARC = YES;
				CLANG_WARN_BOOL_CONVERSION = YES;
				CLANG_WARN_CONSTANT_CONVERSION = YES;
				CLANG_WARN_DIRECT_OBJC_ISA_USAGE = YES_ERROR;
				CLANG_WARN_DOCUMENTATION_COMMENTS = YES;
				CLANG_WARN_EMPTY_BODY = YES;
				CLANG_WARN_ENUM_CONVERSION = YES;
				CLANG_WARN_INFINITE_RECURSION = YES;
				CLANG_WARN_INT_CONVERSION = YES;
				CLANG_WARN_OBJC_ROOT_CLASS = YES_ERROR;
				CLANG_WARN_SUSPICIOUS_MOVES = YES;
				CLANG_WARN_UNREACHABLE_CODE = YES;
				CLANG_WARN__DUPLICATE_METHOD_MATCH = YES;
				"CODE_SIGN_IDENTITY[sdk=iphoneos*]" = "iPhone Developer";
				COPY_PHASE_STRIP = NO;
				DEBUG_INFORMATION_FORMAT = "dwarf-with-dsym";
				ENABLE_NS_ASSERTIONS = NO;
				ENABLE_STRICT_OBJC_MSGSEND = YES;
				GCC_C_LANGUAGE_STANDARD = gnu99;
				GCC_NO_COMMON_BLOCKS = YES;
				GCC_WARN_64_TO_32_BIT_CONVERSION = YES;
				GCC_WARN_ABOUT_RETURN_TYPE = YES_ERROR;
				GCC_WARN_UNDECLARED_SELECTOR = YES;
				GCC_WARN_UNINITIALIZED_AUTOS = YES_AGGRESSIVE;
				GCC_WARN_UNUSED_FUNCTION = YES;
				GCC_WARN_UNUSED_VARIABLE = YES;
				IPHONEOS_DEPLOYMENT_TARGET = 10.1;
				MTL_ENABLE_DEBUG_INFO = NO;
				SDKROOT = iphoneos;
				SWIFT_OPTIMIZATION_LEVEL = "-Owholemodule";
				TARGETED_DEVICE_FAMILY = "1,2";
				VALIDATE_PRODUCT = YES;
			};
			name = Release;
		};
		043FD4DB1DD7A96500D7979D /* Debug */ = {
			isa = XCBuildConfiguration;
			buildSettings = {
				ASSETCATALOG_COMPILER_APPICON_NAME = AppIcon;
				INFOPLIST_FILE = Midway/Info.plist;
				LD_RUNPATH_SEARCH_PATHS = "$(inherited) @executable_path/Frameworks";
				PRODUCT_BUNDLE_IDENTIFIER = com.midway.Midway;
				PRODUCT_NAME = "$(TARGET_NAME)";
				SWIFT_VERSION = 3.0;
			};
			name = Debug;
		};
		043FD4DC1DD7A96500D7979D /* Release */ = {
			isa = XCBuildConfiguration;
			buildSettings = {
				ASSETCATALOG_COMPILER_APPICON_NAME = AppIcon;
				INFOPLIST_FILE = Midway/Info.plist;
				LD_RUNPATH_SEARCH_PATHS = "$(inherited) @executable_path/Frameworks";
				PRODUCT_BUNDLE_IDENTIFIER = com.midway.Midway;
				PRODUCT_NAME = "$(TARGET_NAME)";
				SWIFT_VERSION = 3.0;
			};
			name = Release;
		};
		043FD4DE1DD7A96500D7979D /* Debug */ = {
			isa = XCBuildConfiguration;
			buildSettings = {
				ALWAYS_EMBED_SWIFT_STANDARD_LIBRARIES = YES;
				BUNDLE_LOADER = "$(TEST_HOST)";
				INFOPLIST_FILE = MidwayTests/Info.plist;
				LD_RUNPATH_SEARCH_PATHS = "$(inherited) @executable_path/Frameworks @loader_path/Frameworks";
				PRODUCT_BUNDLE_IDENTIFIER = com.midway.MidwayTests;
				PRODUCT_NAME = "$(TARGET_NAME)";
				SWIFT_VERSION = 3.0;
				TEST_HOST = "$(BUILT_PRODUCTS_DIR)/Midway.app/Midway";
			};
			name = Debug;
		};
		043FD4DF1DD7A96500D7979D /* Release */ = {
			isa = XCBuildConfiguration;
			buildSettings = {
				ALWAYS_EMBED_SWIFT_STANDARD_LIBRARIES = YES;
				BUNDLE_LOADER = "$(TEST_HOST)";
				INFOPLIST_FILE = MidwayTests/Info.plist;
				LD_RUNPATH_SEARCH_PATHS = "$(inherited) @executable_path/Frameworks @loader_path/Frameworks";
				PRODUCT_BUNDLE_IDENTIFIER = com.midway.MidwayTests;
				PRODUCT_NAME = "$(TARGET_NAME)";
				SWIFT_VERSION = 3.0;
				TEST_HOST = "$(BUILT_PRODUCTS_DIR)/Midway.app/Midway";
			};
			name = Release;
		};
		043FD4E11DD7A96500D7979D /* Debug */ = {
			isa = XCBuildConfiguration;
			buildSettings = {
				ALWAYS_EMBED_SWIFT_STANDARD_LIBRARIES = YES;
				INFOPLIST_FILE = MidwayUITests/Info.plist;
				LD_RUNPATH_SEARCH_PATHS = "$(inherited) @executable_path/Frameworks @loader_path/Frameworks";
				PRODUCT_BUNDLE_IDENTIFIER = com.midway.MidwayUITests;
				PRODUCT_NAME = "$(TARGET_NAME)";
				SWIFT_VERSION = 3.0;
				TEST_TARGET_NAME = Midway;
			};
			name = Debug;
		};
		043FD4E21DD7A96500D7979D /* Release */ = {
			isa = XCBuildConfiguration;
			buildSettings = {
				ALWAYS_EMBED_SWIFT_STANDARD_LIBRARIES = YES;
				INFOPLIST_FILE = MidwayUITests/Info.plist;
				LD_RUNPATH_SEARCH_PATHS = "$(inherited) @executable_path/Frameworks @loader_path/Frameworks";
				PRODUCT_BUNDLE_IDENTIFIER = com.midway.MidwayUITests;
				PRODUCT_NAME = "$(TARGET_NAME)";
				SWIFT_VERSION = 3.0;
				TEST_TARGET_NAME = Midway;
			};
			name = Release;
		};
/* End XCBuildConfiguration section */

/* Begin XCConfigurationList section */
		043FD4AD1DD7A96500D7979D /* Build configuration list for PBXProject "Midway" */ = {
			isa = XCConfigurationList;
			buildConfigurations = (
				043FD4D81DD7A96500D7979D /* Debug */,
				043FD4D91DD7A96500D7979D /* Release */,
			);
			defaultConfigurationIsVisible = 0;
			defaultConfigurationName = Release;
		};
		043FD4DA1DD7A96500D7979D /* Build configuration list for PBXNativeTarget "Midway" */ = {
			isa = XCConfigurationList;
			buildConfigurations = (
				043FD4DB1DD7A96500D7979D /* Debug */,
				043FD4DC1DD7A96500D7979D /* Release */,
			);
			defaultConfigurationIsVisible = 0;
		};
		043FD4DD1DD7A96500D7979D /* Build configuration list for PBXNativeTarget "MidwayTests" */ = {
			isa = XCConfigurationList;
			buildConfigurations = (
				043FD4DE1DD7A96500D7979D /* Debug */,
				043FD4DF1DD7A96500D7979D /* Release */,
			);
			defaultConfigurationIsVisible = 0;
		};
		043FD4E01DD7A96500D7979D /* Build configuration list for PBXNativeTarget "MidwayUITests" */ = {
			isa = XCConfigurationList;
			buildConfigurations = (
				043FD4E11DD7A96500D7979D /* Debug */,
				043FD4E21DD7A96500D7979D /* Release */,
			);
			defaultConfigurationIsVisible = 0;
		};
/* End XCConfigurationList section */
	};
	rootObject = 043FD4AA1DD7A96500D7979D /* Project object */;
}
